
Microsoft Visual Studio Solution File, Format Version 12.00
# Visual Studio 15
VisualStudioVersion = 15.0.28010.2046
MinimumVisualStudioVersion = 10.0.40219.1
Project("{FAE04EC0-301F-11D3-BF4B-00C04F79EFBC}") = "GraphicView", "GraphicView\GraphicView.csproj", "{D412AAD3-96DD-4E28-86F4-6EB79D1BAE16}"
EndProject
Project("{FAE04EC0-301F-11D3-BF4B-00C04F79EFBC}") = "ConsolView", "ConsolView\ConsolView.csproj", "{0D2B5695-3D91-4DB2-81F3-B39B1BA0AFAD}"
EndProject
Project("{FAE04EC0-301F-11D3-BF4B-00C04F79EFBC}") = "APLogic", "APLogic\APLogic.csproj", "{5A1FD83D-B3EA-4648-BB18-738DEC249A12}"
EndProject
Project("{FAE04EC0-301F-11D3-BF4B-00C04F79EFBC}") = "TracingFile", "TracingFile\TracingFile.csproj", "{58DFA8BD-72D2-4B7B-A5E5-49548FCE4F7A}"
EndProject
Project("{FAE04EC0-301F-11D3-BF4B-00C04F79EFBC}") = "UnitTest", "UnitTest\UnitTest.csproj", "{EB9A4FD1-6845-4DC2-954C-C7F4B5DFDCAA}"
EndProject
Global
	GlobalSection(SolutionConfigurationPlatforms) = preSolution
		Debug|Any CPU = Debug|Any CPU
		Release|Any CPU = Release|Any CPU
	EndGlobalSection
	GlobalSection(ProjectConfigurationPlatforms) = postSolution
		{D412AAD3-96DD-4E28-86F4-6EB79D1BAE16}.Debug|Any CPU.ActiveCfg = Debug|Any CPU
		{D412AAD3-96DD-4E28-86F4-6EB79D1BAE16}.Debug|Any CPU.Build.0 = Debug|Any CPU
		{D412AAD3-96DD-4E28-86F4-6EB79D1BAE16}.Release|Any CPU.ActiveCfg = Release|Any CPU
		{D412AAD3-96DD-4E28-86F4-6EB79D1BAE16}.Release|Any CPU.Build.0 = Release|Any CPU
		{0D2B5695-3D91-4DB2-81F3-B39B1BA0AFAD}.Debug|Any CPU.ActiveCfg = Debug|Any CPU
		{0D2B5695-3D91-4DB2-81F3-B39B1BA0AFAD}.Debug|Any CPU.Build.0 = Debug|Any CPU
		{0D2B5695-3D91-4DB2-81F3-B39B1BA0AFAD}.Release|Any CPU.ActiveCfg = Release|Any CPU
		{0D2B5695-3D91-4DB2-81F3-B39B1BA0AFAD}.Release|Any CPU.Build.0 = Release|Any CPU
		{5A1FD83D-B3EA-4648-BB18-738DEC249A12}.Debug|Any CPU.ActiveCfg = Debug|Any CPU
		{5A1FD83D-B3EA-4648-BB18-738DEC249A12}.Debug|Any CPU.Build.0 = Debug|Any CPU
		{5A1FD83D-B3EA-4648-BB18-738DEC249A12}.Release|Any CPU.ActiveCfg = Release|Any CPU
		{5A1FD83D-B3EA-4648-BB18-738DEC249A12}.Release|Any CPU.Build.0 = Release|Any CPU
		{58DFA8BD-72D2-4B7B-A5E5-49548FCE4F7A}.Debug|Any CPU.ActiveCfg = Debug|Any CPU
		{58DFA8BD-72D2-4B7B-A5E5-49548FCE4F7A}.Debug|Any CPU.Build.0 = Debug|Any CPU
		{58DFA8BD-72D2-4B7B-A5E5-49548FCE4F7A}.Release|Any CPU.ActiveCfg = Release|Any CPU
		{58DFA8BD-72D2-4B7B-A5E5-49548FCE4F7A}.Release|Any CPU.Build.0 = Release|Any CPU
		{EB9A4FD1-6845-4DC2-954C-C7F4B5DFDCAA}.Debug|Any CPU.ActiveCfg = Debug|Any CPU
		{EB9A4FD1-6845-4DC2-954C-C7F4B5DFDCAA}.Debug|Any CPU.Build.0 = Debug|Any CPU
		{EB9A4FD1-6845-4DC2-954C-C7F4B5DFDCAA}.Release|Any CPU.ActiveCfg = Release|Any CPU
		{EB9A4FD1-6845-4DC2-954C-C7F4B5DFDCAA}.Release|Any CPU.Build.0 = Release|Any CPU
	EndGlobalSection
	GlobalSection(SolutionProperties) = preSolution
		HideSolutionNode = FALSE
	EndGlobalSection
	GlobalSection(ExtensibilityGlobals) = postSolution
		SolutionGuid = {4A2A09BD-E858-424C-9B72-5ACE5D17CA9C}
	EndGlobalSection
EndGlobal
